
Microsoft Visual Studio Solution File, Format Version 12.00
# Visual Studio Version 16
VisualStudioVersion = 16.0.29519.87
MinimumVisualStudioVersion = 10.0.40219.1
Project("{FAE04EC0-301F-11D3-BF4B-00C04F79EFBC}") = "Challenge1", "Challenge1.csproj", "{8B585CA1-BDDC-448D-8A39-91AF71EE6779}"
EndProject
Global
	GlobalSection(SolutionConfigurationPlatforms) = preSolution
		Debug|Any CPU = Debug|Any CPU
		Release|Any CPU = Release|Any CPU
	EndGlobalSection
	GlobalSection(ProjectConfigurationPlatforms) = postSolution
		{8B585CA1-BDDC-448D-8A39-91AF71EE6779}.Debug|Any CPU.ActiveCfg = Debug|Any CPU
		{8B585CA1-BDDC-448D-8A39-91AF71EE6779}.Debug|Any CPU.Build.0 = Debug|Any CPU
		{8B585CA1-BDDC-448D-8A39-91AF71EE6779}.Release|Any CPU.ActiveCfg = Release|Any CPU
		{8B585CA1-BDDC-448D-8A39-91AF71EE6779}.Release|Any CPU.Build.0 = Release|Any CPU
	EndGlobalSection
	GlobalSection(SolutionProperties) = preSolution
		HideSolutionNode = FALSE
	EndGlobalSection
	GlobalSection(ExtensibilityGlobals) = postSolution
		SolutionGuid = {A9504301-F87E-4440-96B4-A926DEF1A37A}
	EndGlobalSection
EndGlobal
